
Microsoft Visual Studio Solution File, Format Version 12.00
# Visual Studio Version 16
VisualStudioVersion = 16.0.31205.134
MinimumVisualStudioVersion = 10.0.40219.1
Project("{FAE04EC0-301F-11D3-BF4B-00C04F79EFBC}") = "SystemWatcherMobile.UWP", "SystemWatcherMobile\SystemWatcherMobile.UWP\SystemWatcherMobile.UWP.csproj", "{2A795F33-8256-49C1-84C5-248B9E5D869E}"
EndProject
Project("{FAE04EC0-301F-11D3-BF4B-00C04F79EFBC}") = "SystemWatcherMobile.Android", "SystemWatcherMobile\SystemWatcherMobile.Android\SystemWatcherMobile.Android.csproj", "{C4485F2C-B362-4D5C-AB6D-D82356BF9C74}"
EndProject
Project("{FAE04EC0-301F-11D3-BF4B-00C04F79EFBC}") = "SystemWatcherMobile.iOS", "SystemWatcherMobile\SystemWatcherMobile.iOS\SystemWatcherMobile.iOS.csproj", "{E01658E6-44AD-4C05-B9EE-1A4F2EA0A86D}"
EndProject
Project("{FAE04EC0-301F-11D3-BF4B-00C04F79EFBC}") = "SystemWatcherMobile", "SystemWatcherMobile\SystemWatcherMobile\SystemWatcherMobile.csproj", "{25ADFB60-D9DB-4DBE-890C-5C82A5D52E26}"
EndProject
Global
	GlobalSection(SolutionConfigurationPlatforms) = preSolution
		Debug|Any CPU = Debug|Any CPU
		Debug|ARM = Debug|ARM
		Debug|iPhone = Debug|iPhone
		Debug|iPhoneSimulator = Debug|iPhoneSimulator
		Debug|x64 = Debug|x64
		Debug|x86 = Debug|x86
		Release|Any CPU = Release|Any CPU
		Release|ARM = Release|ARM
		Release|iPhone = Release|iPhone
		Release|iPhoneSimulator = Release|iPhoneSimulator
		Release|x64 = Release|x64
		Release|x86 = Release|x86
	EndGlobalSection
	GlobalSection(ProjectConfigurationPlatforms) = postSolution
		{2A795F33-8256-49C1-84C5-248B9E5D869E}.Debug|Any CPU.ActiveCfg = Debug|x86
		{2A795F33-8256-49C1-84C5-248B9E5D869E}.Debug|Any CPU.Build.0 = Debug|x86
		{2A795F33-8256-49C1-84C5-248B9E5D869E}.Debug|Any CPU.Deploy.0 = Debug|x86
		{2A795F33-8256-49C1-84C5-248B9E5D869E}.Debug|ARM.ActiveCfg = Debug|ARM
		{2A795F33-8256-49C1-84C5-248B9E5D869E}.Debug|ARM.Build.0 = Debug|ARM
		{2A795F33-8256-49C1-84C5-248B9E5D869E}.Debug|ARM.Deploy.0 = Debug|ARM
		{2A795F33-8256-49C1-84C5-248B9E5D869E}.Debug|iPhone.ActiveCfg = Debug|x86
		{2A795F33-8256-49C1-84C5-248B9E5D869E}.Debug|iPhone.Build.0 = Debug|x86
		{2A795F33-8256-49C1-84C5-248B9E5D869E}.Debug|iPhone.Deploy.0 = Debug|x86
		{2A795F33-8256-49C1-84C5-248B9E5D869E}.Debug|iPhoneSimulator.ActiveCfg = Debug|x86
		{2A795F33-8256-49C1-84C5-248B9E5D869E}.Debug|iPhoneSimulator.Build.0 = Debug|x86
		{2A795F33-8256-49C1-84C5-248B9E5D869E}.Debug|iPhoneSimulator.Deploy.0 = Debug|x86
		{2A795F33-8256-49C1-84C5-248B9E5D869E}.Debug|x64.ActiveCfg = Debug|x64
		{2A795F33-8256-49C1-84C5-248B9E5D869E}.Debug|x64.Build.0 = Debug|x64
		{2A795F33-8256-49C1-84C5-248B9E5D869E}.Debug|x64.Deploy.0 = Debug|x64
		{2A795F33-8256-49C1-84C5-248B9E5D869E}.Debug|x86.ActiveCfg = Debug|x86
		{2A795F33-8256-49C1-84C5-248B9E5D869E}.Debug|x86.Build.0 = Debug|x86
		{2A795F33-8256-49C1-84C5-248B9E5D869E}.Debug|x86.Deploy.0 = Debug|x86
		{2A795F33-8256-49C1-84C5-248B9E5D869E}.Release|Any CPU.ActiveCfg = Release|x86
		{2A795F33-8256-49C1-84C5-248B9E5D869E}.Release|Any CPU.Build.0 = Release|x86
		{2A795F33-8256-49C1-84C5-248B9E5D869E}.Release|Any CPU.Deploy.0 = Release|x86
		{2A795F33-8256-49C1-84C5-248B9E5D869E}.Release|ARM.ActiveCfg = Release|ARM
		{2A795F33-8256-49C1-84C5-248B9E5D869E}.Release|ARM.Build.0 = Release|ARM
		{2A795F33-8256-49C1-84C5-248B9E5D869E}.Release|ARM.Deploy.0 = Release|ARM
		{2A795F33-8256-49C1-84C5-248B9E5D869E}.Release|iPhone.ActiveCfg = Release|x86
		{2A795F33-8256-49C1-84C5-248B9E5D869E}.Release|iPhone.Build.0 = Release|x86
		{2A795F33-8256-49C1-84C5-248B9E5D869E}.Release|iPhone.Deploy.0 = Release|x86
		{2A795F33-8256-49C1-84C5-248B9E5D869E}.Release|iPhoneSimulator.ActiveCfg = Release|x86
		{2A795F33-8256-49C1-84C5-248B9E5D869E}.Release|iPhoneSimulator.Build.0 = Release|x86
		{2A795F33-8256-49C1-84C5-248B9E5D869E}.Release|iPhoneSimulator.Deploy.0 = Release|x86
		{2A795F33-8256-49C1-84C5-248B9E5D869E}.Release|x64.ActiveCfg = Release|x64
		{2A795F33-8256-49C1-84C5-248B9E5D869E}.Release|x64.Build.0 = Release|x64
		{2A795F33-8256-49C1-84C5-248B9E5D869E}.Release|x64.Deploy.0 = Release|x64
		{2A795F33-8256-49C1-84C5-248B9E5D869E}.Release|x86.ActiveCfg = Release|x86
		{2A795F33-8256-49C1-84C5-248B9E5D869E}.Release|x86.Build.0 = Release|x86
		{2A795F33-8256-49C1-84C5-248B9E5D869E}.Release|x86.Deploy.0 = Release|x86
		{C4485F2C-B362-4D5C-AB6D-D82356BF9C74}.Debug|Any CPU.ActiveCfg = Debug|Any CPU
		{C4485F2C-B362-4D5C-AB6D-D82356BF9C74}.Debug|Any CPU.Build.0 = Debug|Any CPU
		{C4485F2C-B362-4D5C-AB6D-D82356BF9C74}.Debug|Any CPU.Deploy.0 = Debug|Any CPU
		{C4485F2C-B362-4D5C-AB6D-D82356BF9C74}.Debug|ARM.ActiveCfg = Debug|Any CPU
		{C4485F2C-B362-4D5C-AB6D-D82356BF9C74}.Debug|ARM.Build.0 = Debug|Any CPU
		{C4485F2C-B362-4D5C-AB6D-D82356BF9C74}.Debug|ARM.Deploy.0 = Debug|Any CPU
		{C4485F2C-B362-4D5C-AB6D-D82356BF9C74}.Debug|iPhone.ActiveCfg = Debug|Any CPU
		{C4485F2C-B362-4D5C-AB6D-D82356BF9C74}.Debug|iPhone.Build.0 = Debug|Any CPU
		{C4485F2C-B362-4D5C-AB6D-D82356BF9C74}.Debug|iPhone.Deploy.0 = Debug|Any CPU
		{C4485F2C-B362-4D5C-AB6D-D82356BF9C74}.Debug|iPhoneSimulator.ActiveCfg = Debug|Any CPU
		{C4485F2C-B362-4D5C-AB6D-D82356BF9C74}.Debug|iPhoneSimulator.Build.0 = Debug|Any CPU
		{C4485F2C-B362-4D5C-AB6D-D82356BF9C74}.Debug|iPhoneSimulator.Deploy.0 = Debug|Any CPU
		{C4485F2C-B362-4D5C-AB6D-D82356BF9C74}.Debug|x64.ActiveCfg = Debug|Any CPU
		{C4485F2C-B362-4D5C-AB6D-D82356BF9C74}.Debug|x64.Build.0 = Debug|Any CPU
		{C4485F2C-B362-4D5C-AB6D-D82356BF9C74}.Debug|x64.Deploy.0 = Debug|Any CPU
		{C4485F2C-B362-4D5C-AB6D-D82356BF9C74}.Debug|x86.ActiveCfg = Debug|Any CPU
		{C4485F2C-B362-4D5C-AB6D-D82356BF9C74}.Debug|x86.Build.0 = Debug|Any CPU
		{C4485F2C-B362-4D5C-AB6D-D82356BF9C74}.Debug|x86.Deploy.0 = Debug|Any CPU
		{C4485F2C-B362-4D5C-AB6D-D82356BF9C74}.Release|Any CPU.ActiveCfg = Release|Any CPU
		{C4485F2C-B362-4D5C-AB6D-D82356BF9C74}.Release|Any CPU.Build.0 = Release|Any CPU
		{C4485F2C-B362-4D5C-AB6D-D82356BF9C74}.Release|Any CPU.Deploy.0 = Release|Any CPU
		{C4485F2C-B362-4D5C-AB6D-D82356BF9C74}.Release|ARM.ActiveCfg = Release|Any CPU
		{C4485F2C-B362-4D5C-AB6D-D82356BF9C74}.Release|ARM.Build.0 = Release|Any CPU
		{C4485F2C-B362-4D5C-AB6D-D82356BF9C74}.Release|ARM.Deploy.0 = Release|Any CPU
		{C4485F2C-B362-4D5C-AB6D-D82356BF9C74}.Release|iPhone.ActiveCfg = Release|Any CPU
		{C4485F2C-B362-4D5C-AB6D-D82356BF9C74}.Release|iPhone.Build.0 = Release|Any CPU
		{C4485F2C-B362-4D5C-AB6D-D82356BF9C74}.Release|iPhone.Deploy.0 = Release|Any CPU
		{C4485F2C-B362-4D5C-AB6D-D82356BF9C74}.Release|iPhoneSimulator.ActiveCfg = Release|Any CPU
		{C4485F2C-B362-4D5C-AB6D-D82356BF9C74}.Release|iPhoneSimulator.Build.0 = Release|Any CPU
		{C4485F2C-B362-4D5C-AB6D-D82356BF9C74}.Release|iPhoneSimulator.Deploy.0 = Release|Any CPU
		{C4485F2C-B362-4D5C-AB6D-D82356BF9C74}.Release|x64.ActiveCfg = Release|Any CPU
		{C4485F2C-B362-4D5C-AB6D-D82356BF9C74}.Release|x64.Build.0 = Release|Any CPU
		{C4485F2C-B362-4D5C-AB6D-D82356BF9C74}.Release|x64.Deploy.0 = Release|Any CPU
		{C4485F2C-B362-4D5C-AB6D-D82356BF9C74}.Release|x86.ActiveCfg = Release|Any CPU
		{C4485F2C-B362-4D5C-AB6D-D82356BF9C74}.Release|x86.Build.0 = Release|Any CPU
		{C4485F2C-B362-4D5C-AB6D-D82356BF9C74}.Release|x86.Deploy.0 = Release|Any CPU
		{E01658E6-44AD-4C05-B9EE-1A4F2EA0A86D}.Debug|Any CPU.ActiveCfg = Debug|iPhoneSimulator
		{E01658E6-44AD-4C05-B9EE-1A4F2EA0A86D}.Debug|Any CPU.Build.0 = Debug|iPhoneSimulator
		{E01658E6-44AD-4C05-B9EE-1A4F2EA0A86D}.Debug|Any CPU.Deploy.0 = Debug|iPhoneSimulator
		{E01658E6-44AD-4C05-B9EE-1A4F2EA0A86D}.Debug|ARM.ActiveCfg = Debug|iPhone
		{E01658E6-44AD-4C05-B9EE-1A4F2EA0A86D}.Debug|ARM.Build.0 = Debug|iPhone
		{E01658E6-44AD-4C05-B9EE-1A4F2EA0A86D}.Debug|ARM.Deploy.0 = Debug|iPhone
		{E01658E6-44AD-4C05-B9EE-1A4F2EA0A86D}.Debug|iPhone.ActiveCfg = Debug|iPhone
		{E01658E6-44AD-4C05-B9EE-1A4F2EA0A86D}.Debug|iPhone.Build.0 = Debug|iPhone
		{E01658E6-44AD-4C05-B9EE-1A4F2EA0A86D}.Debug|iPhone.Deploy.0 = Debug|iPhone
		{E01658E6-44AD-4C05-B9EE-1A4F2EA0A86D}.Debug|iPhoneSimulator.ActiveCfg = Debug|iPhoneSimulator
		{E01658E6-44AD-4C05-B9EE-1A4F2EA0A86D}.Debug|iPhoneSimulator.Build.0 = Debug|iPhoneSimulator
		{E01658E6-44AD-4C05-B9EE-1A4F2EA0A86D}.Debug|iPhoneSimulator.Deploy.0 = Debug|iPhoneSimulator
		{E01658E6-44AD-4C05-B9EE-1A4F2EA0A86D}.Debug|x64.ActiveCfg = Debug|iPhoneSimulator
		{E01658E6-44AD-4C05-B9EE-1A4F2EA0A86D}.Debug|x64.Build.0 = Debug|iPhoneSimulator
		{E01658E6-44AD-4C05-B9EE-1A4F2EA0A86D}.Debug|x64.Deploy.0 = Debug|iPhoneSimulator
		{E01658E6-44AD-4C05-B9EE-1A4F2EA0A86D}.Debug|x86.ActiveCfg = Debug|iPhoneSimulator
		{E01658E6-44AD-4C05-B9EE-1A4F2EA0A86D}.Debug|x86.Build.0 = Debug|iPhoneSimulator
		{E01658E6-44AD-4C05-B9EE-1A4F2EA0A86D}.Debug|x86.Deploy.0 = Debug|iPhoneSimulator
		{E01658E6-44AD-4C05-B9EE-1A4F2EA0A86D}.Release|Any CPU.ActiveCfg = Release|iPhoneSimulator
		{E01658E6-44AD-4C05-B9EE-1A4F2EA0A86D}.Release|Any CPU.Build.0 = Release|iPhoneSimulator
		{E01658E6-44AD-4C05-B9EE-1A4F2EA0A86D}.Release|Any CPU.Deploy.0 = Release|iPhoneSimulator
		{E01658E6-44AD-4C05-B9EE-1A4F2EA0A86D}.Release|ARM.ActiveCfg = Release|iPhoneSimulator
		{E01658E6-44AD-4C05-B9EE-1A4F2EA0A86D}.Release|ARM.Build.0 = Release|iPhoneSimulator
		{E01658E6-44AD-4C05-B9EE-1A4F2EA0A86D}.Release|ARM.Deploy.0 = Release|iPhoneSimulator
		{E01658E6-44AD-4C05-B9EE-1A4F2EA0A86D}.Release|iPhone.ActiveCfg = Release|iPhone
		{E01658E6-44AD-4C05-B9EE-1A4F2EA0A86D}.Release|iPhone.Build.0 = Release|iPhone
		{E01658E6-44AD-4C05-B9EE-1A4F2EA0A86D}.Release|iPhone.Deploy.0 = Release|iPhone
		{E01658E6-44AD-4C05-B9EE-1A4F2EA0A86D}.Release|iPhoneSimulator.ActiveCfg = Release|iPhoneSimulator
		{E01658E6-44AD-4C05-B9EE-1A4F2EA0A86D}.Release|iPhoneSimulator.Build.0 = Release|iPhoneSimulator
		{E01658E6-44AD-4C05-B9EE-1A4F2EA0A86D}.Release|iPhoneSimulator.Deploy.0 = Release|iPhoneSimulator
		{E01658E6-44AD-4C05-B9EE-1A4F2EA0A86D}.Release|x64.ActiveCfg = Release|iPhoneSimulator
		{E01658E6-44AD-4C05-B9EE-1A4F2EA0A86D}.Release|x64.Build.0 = Release|iPhoneSimulator
		{E01658E6-44AD-4C05-B9EE-1A4F2EA0A86D}.Release|x64.Deploy.0 = Release|iPhoneSimulator
		{E01658E6-44AD-4C05-B9EE-1A4F2EA0A86D}.Release|x86.ActiveCfg = Release|iPhoneSimulator
		{E01658E6-44AD-4C05-B9EE-1A4F2EA0A86D}.Release|x86.Build.0 = Release|iPhoneSimulator
		{E01658E6-44AD-4C05-B9EE-1A4F2EA0A86D}.Release|x86.Deploy.0 = Release|iPhoneSimulator
		{25ADFB60-D9DB-4DBE-890C-5C82A5D52E26}.Debug|Any CPU.ActiveCfg = Debug|Any CPU
		{25ADFB60-D9DB-4DBE-890C-5C82A5D52E26}.Debug|Any CPU.Build.0 = Debug|Any CPU
		{25ADFB60-D9DB-4DBE-890C-5C82A5D52E26}.Debug|Any CPU.Deploy.0 = Debug|Any CPU
		{25ADFB60-D9DB-4DBE-890C-5C82A5D52E26}.Debug|ARM.ActiveCfg = Debug|Any CPU
		{25ADFB60-D9DB-4DBE-890C-5C82A5D52E26}.Debug|ARM.Build.0 = Debug|Any CPU
		{25ADFB60-D9DB-4DBE-890C-5C82A5D52E26}.Debug|ARM.Deploy.0 = Debug|Any CPU
		{25ADFB60-D9DB-4DBE-890C-5C82A5D52E26}.Debug|iPhone.ActiveCfg = Debug|Any CPU
		{25ADFB60-D9DB-4DBE-890C-5C82A5D52E26}.Debug|iPhone.Build.0 = Debug|Any CPU
		{25ADFB60-D9DB-4DBE-890C-5C82A5D52E26}.Debug|iPhone.Deploy.0 = Debug|Any CPU
		{25ADFB60-D9DB-4DBE-890C-5C82A5D52E26}.Debug|iPhoneSimulator.ActiveCfg = Debug|Any CPU
		{25ADFB60-D9DB-4DBE-890C-5C82A5D52E26}.Debug|iPhoneSimulator.Build.0 = Debug|Any CPU
		{25ADFB60-D9DB-4DBE-890C-5C82A5D52E26}.Debug|iPhoneSimulator.Deploy.0 = Debug|Any CPU
		{25ADFB60-D9DB-4DBE-890C-5C82A5D52E26}.Debug|x64.ActiveCfg = Debug|Any CPU
		{25ADFB60-D9DB-4DBE-890C-5C82A5D52E26}.Debug|x64.Build.0 = Debug|Any CPU
		{25ADFB60-D9DB-4DBE-890C-5C82A5D52E26}.Debug|x64.Deploy.0 = Debug|Any CPU
		{25ADFB60-D9DB-4DBE-890C-5C82A5D52E26}.Debug|x86.ActiveCfg = Debug|Any CPU
		{25ADFB60-D9DB-4DBE-890C-5C82A5D52E26}.Debug|x86.Build.0 = Debug|Any CPU
		{25ADFB60-D9DB-4DBE-890C-5C82A5D52E26}.Debug|x86.Deploy.0 = Debug|Any CPU
		{25ADFB60-D9DB-4DBE-890C-5C82A5D52E26}.Release|Any CPU.ActiveCfg = Release|Any CPU
		{25ADFB60-D9DB-4DBE-890C-5C82A5D52E26}.Release|Any CPU.Build.0 = Release|Any CPU
		{25ADFB60-D9DB-4DBE-890C-5C82A5D52E26}.Release|Any CPU.Deploy.0 = Release|Any CPU
		{25ADFB60-D9DB-4DBE-890C-5C82A5D52E26}.Release|ARM.ActiveCfg = Release|Any CPU
		{25ADFB60-D9DB-4DBE-890C-5C82A5D52E26}.Release|ARM.Build.0 = Release|Any CPU
		{25ADFB60-D9DB-4DBE-890C-5C82A5D52E26}.Release|ARM.Deploy.0 = Release|Any CPU
		{25ADFB60-D9DB-4DBE-890C-5C82A5D52E26}.Release|iPhone.ActiveCfg = Release|Any CPU
		{25ADFB60-D9DB-4DBE-890C-5C82A5D52E26}.Release|iPhone.Build.0 = Release|Any CPU
		{25ADFB60-D9DB-4DBE-890C-5C82A5D52E26}.Release|iPhone.Deploy.0 = Release|Any CPU
		{25ADFB60-D9DB-4DBE-890C-5C82A5D52E26}.Release|iPhoneSimulator.ActiveCfg = Release|Any CPU
		{25ADFB60-D9DB-4DBE-890C-5C82A5D52E26}.Release|iPhoneSimulator.Build.0 = Release|Any CPU
		{25ADFB60-D9DB-4DBE-890C-5C82A5D52E26}.Release|iPhoneSimulator.Deploy.0 = Release|Any CPU
		{25ADFB60-D9DB-4DBE-890C-5C82A5D52E26}.Release|x64.ActiveCfg = Release|Any CPU
		{25ADFB60-D9DB-4DBE-890C-5C82A5D52E26}.Release|x64.Build.0 = Release|Any CPU
		{25ADFB60-D9DB-4DBE-890C-5C82A5D52E26}.Release|x64.Deploy.0 = Release|Any CPU
		{25ADFB60-D9DB-4DBE-890C-5C82A5D52E26}.Release|x86.ActiveCfg = Release|Any CPU
		{25ADFB60-D9DB-4DBE-890C-5C82A5D52E26}.Release|x86.Build.0 = Release|Any CPU
		{25ADFB60-D9DB-4DBE-890C-5C82A5D52E26}.Release|x86.Deploy.0 = Release|Any CPU
	EndGlobalSection
	GlobalSection(SolutionProperties) = preSolution
		HideSolutionNode = FALSE
	EndGlobalSection
	GlobalSection(ExtensibilityGlobals) = postSolution
		SolutionGuid = {6C0F4F54-82D9-4BB6-8E35-A8D20062D465}
	EndGlobalSection
EndGlobal
